
Microsoft Visual Studio Solution File, Format Version 12.00
# Visual Studio Version 17
VisualStudioVersion = 17.8.34511.84
MinimumVisualStudioVersion = 10.0.40219.1
Project("{FAE04EC0-301F-11D3-BF4B-00C04F79EFBC}") = "COMP003A.Assignment7.", "..\COMP003A.Assignment7\COMP003A.Assignment7\COMP003A.Assignment7..csproj", "{B30B94D0-8C23-4928-8421-6288DB52EE98}"
EndProject
Global
	GlobalSection(SolutionConfigurationPlatforms) = preSolution
		Debug|Any CPU = Debug|Any CPU
		Release|Any CPU = Release|Any CPU
	EndGlobalSection
	GlobalSection(ProjectConfigurationPlatforms) = postSolution
		{B30B94D0-8C23-4928-8421-6288DB52EE98}.Debug|Any CPU.ActiveCfg = Debug|Any CPU
		{B30B94D0-8C23-4928-8421-6288DB52EE98}.Debug|Any CPU.Build.0 = Debug|Any CPU
		{B30B94D0-8C23-4928-8421-6288DB52EE98}.Release|Any CPU.ActiveCfg = Release|Any CPU
		{B30B94D0-8C23-4928-8421-6288DB52EE98}.Release|Any CPU.Build.0 = Release|Any CPU
	EndGlobalSection
	GlobalSection(SolutionProperties) = preSolution
		HideSolutionNode = FALSE
	EndGlobalSection
	GlobalSection(ExtensibilityGlobals) = postSolution
		SolutionGuid = {E0848768-9C36-4C0B-ADDD-6188AF55E34B}
	EndGlobalSection
EndGlobal
